
Microsoft Visual Studio Solution File, Format Version 12.00
# Visual Studio 15
VisualStudioVersion = 15.0.28307.168
MinimumVisualStudioVersion = 10.0.40219.1
Project("{FAE04EC0-301F-11D3-BF4B-00C04F79EFBC}") = "WebAPI", "WebAPI\WebAPI.csproj", "{A39F1C6B-FC63-424E-B431-DD7FBCD9B704}"
EndProject
Global
	GlobalSection(SolutionConfigurationPlatforms) = preSolution
		Debug|Any CPU = Debug|Any CPU
		Release|Any CPU = Release|Any CPU
	EndGlobalSection
	GlobalSection(ProjectConfigurationPlatforms) = postSolution
		{A39F1C6B-FC63-424E-B431-DD7FBCD9B704}.Debug|Any CPU.ActiveCfg = Debug|Any CPU
		{A39F1C6B-FC63-424E-B431-DD7FBCD9B704}.Debug|Any CPU.Build.0 = Debug|Any CPU
		{A39F1C6B-FC63-424E-B431-DD7FBCD9B704}.Release|Any CPU.ActiveCfg = Release|Any CPU
		{A39F1C6B-FC63-424E-B431-DD7FBCD9B704}.Release|Any CPU.Build.0 = Release|Any CPU
	EndGlobalSection
	GlobalSection(SolutionProperties) = preSolution
		HideSolutionNode = FALSE
	EndGlobalSection
	GlobalSection(ExtensibilityGlobals) = postSolution
		SolutionGuid = {F678204E-E9E1-4DB0-BAF4-D1874B278DC2}
	EndGlobalSection
EndGlobal
